{
  "name": "hydroponicscontroller",
  "version": "1.0.0",
  "lockfileVersion": 1,
  "dependencies": {
    "bindings": {
      "version": "1.2.1",
      "resolved": "https://registry.npmjs.org/bindings/-/bindings-1.2.1.tgz",
      "integrity": "sha1-FK1hE4EtLTfXLme0ystLtyZQXxE="
    },
    "coffee-script": {
      "version": "1.12.6",
      "resolved": "https://registry.npmjs.org/coffee-script/-/coffee-script-1.12.6.tgz",
      "integrity": "sha1-KFo/cRVokGUGTWv570Vy22ZpXL8="
    },
    "floyd-steinberg": {
      "version": "1.0.5",
      "resolved": "https://registry.npmjs.org/floyd-steinberg/-/floyd-steinberg-1.0.5.tgz",
      "integrity": "sha1-ece4HnBXRQpAaea2FIboHHiQuIw="
    },
    "i2c": {
      "version": "0.2.3",
      "resolved": "https://registry.npmjs.org/i2c/-/i2c-0.2.3.tgz",
      "integrity": "sha1-9D9wKBQQJq5IrymQo3RjPR2rPSs=",
      "dependencies": {
        "nan": {
          "version": "2.3.5",
          "resolved": "https://registry.npmjs.org/nan/-/nan-2.3.5.tgz",
          "integrity": "sha1-gioNwmYpDOTNOhIoLKPn42Rmigg="
        },
        "underscore": {
          "version": "1.8.2",
          "resolved": "https://registry.npmjs.org/underscore/-/underscore-1.8.2.tgz",
          "integrity": "sha1-ZN8utZCJnelQeC83NRkLpC6/MR0="
        }
      }
    },
    "oled-font-5x7": {
      "version": "1.0.0",
      "resolved": "https://registry.npmjs.org/oled-font-5x7/-/oled-font-5x7-1.0.0.tgz",
      "integrity": "sha1-SVmFzigIyg2aFucOXvYGgH5sg6Y="
    },
    "oled-ssd1306-i2c": {
      "version": "1.0.6",
      "resolved": "https://registry.npmjs.org/oled-ssd1306-i2c/-/oled-ssd1306-i2c-1.0.6.tgz",
      "integrity": "sha1-mysTasYYLh74eKmcBtsxHdFvswc="
    },
    "png-to-lcd": {
      "version": "1.0.3",
      "resolved": "https://registry.npmjs.org/png-to-lcd/-/png-to-lcd-1.0.3.tgz",
      "integrity": "sha1-QzH6YZlLJ2/Otnxbv2HZiDPBTBY="
    },
    "pngparse": {
      "version": "2.0.1",
      "resolved": "https://registry.npmjs.org/pngparse/-/pngparse-2.0.1.tgz",
      "integrity": "sha1-hoUt5N40n077HoUudSVlXlrF37g="
    }
  }
}
