{
  "name": "hydroponicscontroller",
  "version": "1.0.0",
  "lockfileVersion": 1,
  "dependencies": {
    "bindings": {
      "version": "1.2.1",
      "resolved": "https://registry.npmjs.org/bindings/-/bindings-1.2.1.tgz",
      "integrity": "sha1-FK1hE4EtLTfXLme0ystLtyZQXxE="
    },
    "epoll": {
      "version": "0.1.21",
      "resolved": "https://registry.npmjs.org/epoll/-/epoll-0.1.21.tgz",
      "integrity": "sha1-OCoIzZNOy7g2k+v0JfS2tPYXTZc="
    },
    "nan": {
      "version": "2.5.1",
      "resolved": "https://registry.npmjs.org/nan/-/nan-2.5.1.tgz",
      "integrity": "sha1-1bAWkSUzJql6K77p5hxV2NYDUeI="
    },
    "onoff": {
      "version": "1.1.2",
      "resolved": "https://registry.npmjs.org/onoff/-/onoff-1.1.2.tgz",
      "integrity": "sha1-3NOdP9VZ2y0N9bzVTYzJ3x13R6I="
    },
    "rpi-led-control": {
      "version": "0.1.2",
      "resolved": "https://registry.npmjs.org/rpi-led-control/-/rpi-led-control-0.1.2.tgz",
      "integrity": "sha1-HuM9EQpm0mlqNZbgiFEF9KBRDZ4="
    },
    "rpio": {
      "version": "0.9.16",
      "resolved": "https://registry.npmjs.org/rpio/-/rpio-0.9.16.tgz",
      "integrity": "sha1-3EdQ2wmcfg5uZQWqhil/SiOq9dY="
    }
  }
}
